github.com/clipperhouse/uax29/v2 v2.2.0 h1:ChwIKnQN3kcZteTXMgb1wztSgaU+ZemkgWdohwgs8tY=
github.com/clipperhouse/uax29/v2 v2.2.0/go.mod h1:EFJ2TJMRUaplDxHKj1qAEhCtQPW2tJSwu5BF98AuoVM=
github.com/julienschmidt/httprouter v1.3.0 h1:U0609e9tgbseu3rBINet9P48AI/D3oJs4dN7jwJOQ1U=
github.com/julienschmidt/httprouter v1.3.0/go.mod h1:JR6WtHb+2LUe8TCKY3cZOxFyyO8IZAc4RVcycCCAKdM=
github.com/mattn/go-runewidth v0.0.19 h1:v++JhqYnZuu5jSKrk9RbgF5v4CGUjqRfBm05byFGLdw=
github.com/mattn/go-runewidth v0.0.19/go.mod h1:XBkDxAl56ILZc9knddidhrOlY5R/pDhgLpndooCuJAs=
github.com/sunshineplan/progressbar v1.0.1 h1:elihSbf9rtXthvbcJkveg40yu4LrpV3SKJBODcD1zPM=
github.com/sunshineplan/progressbar v1.0.1/go.mod h1:jYAymBnBOVIQlJS6IuPzXpzmNaq3sLjdtAVmF74Ugak=
github.com/sunshineplan/service v1.0.25 h1:uTZvyMyaAbJqRxss0Gavwp3xuIoclks5hMEGxFeh0G8=
github.com/sunshineplan/service v1.0.25/go.mod h1:Z9zxpqIOJ0cyEZ3Md1uokAFxVxT8iYHCc5dkmUhi8po=
github.com/sunshineplan/utils v0.1.83 h1:fkS0caihlOWle6Klmhio3pVsr0e39HgQYrVBvC7JcuI=
github.com/sunshineplan/utils v0.1.83/go.mod h1:yE18bZxiAbXACldV0BuTewbmj2y2fRBFrBUHRfD36ZA=
golang.org/x/sys v0.38.0 h1:3yZWxaJjBmCWXqhN1qh02AkOnCQ1poK6oF+a7xWL6Gc=
golang.org/x/sys v0.38.0/go.mod h1:OgkHotnGiDImocRcuBABYBEXf8A9a87e/uXjp9XT3ks=
