github.com/julienschmidt/httprouter v1.3.0 h1:U0609e9tgbseu3rBINet9P48AI/D3oJs4dN7jwJOQ1U=
github.com/julienschmidt/httprouter v1.3.0/go.mod h1:JR6WtHb+2LUe8TCKY3cZOxFyyO8IZAc4RVcycCCAKdM=
github.com/sunshineplan/service v1.0.22 h1:MFXKIbcd3POiJb9KRI8oeybc2qN0p79vv9f+OL88EDU=
github.com/sunshineplan/service v1.0.22/go.mod h1:JR7cTSNJVlajjXfXobA3Rr46z88M+6VK6coxq7JmyrY=
github.com/sunshineplan/utils v0.1.80 h1:dVGZqO3HvwxqyDwuRLwCm2QMZp7Wx2//F15PnD4wOt4=
github.com/sunshineplan/utils v0.1.80/go.mod h1:R7MInPRKnExzzNGJ9qY1W0+11P/3jc6IO5ICuGDPA1w=
golang.org/x/sys v0.32.0 h1:s77OFDvIQeibCmezSnk/q6iAfkdiQaJi4VzroCFrN20=
golang.org/x/sys v0.32.0/go.mod h1:BJP2sWEmIv4KK5OTEluFJCKSidICx8ciO85XgH3Ak8k=
