github.com/julienschmidt/httprouter v1.3.0 h1:U0609e9tgbseu3rBINet9P48AI/D3oJs4dN7jwJOQ1U=
github.com/julienschmidt/httprouter v1.3.0/go.mod h1:JR6WtHb+2LUe8TCKY3cZOxFyyO8IZAc4RVcycCCAKdM=
github.com/sunshineplan/service v1.0.19 h1:lxf98DVN6mLhUsdTUhV5jpge1B2IlbizzuC9HA2+lzA=
github.com/sunshineplan/service v1.0.19/go.mod h1:3RFUNitk8eESkVmcmXKHBpDwsjVT1CAaAevaNzoALY8=
github.com/sunshineplan/utils v0.1.65 h1:T1vDRrLtKfJao6vZFSuJngBEAb+sHNqmgEr0fu9G430=
github.com/sunshineplan/utils v0.1.65/go.mod h1:QMe2vCEFq9VliPac8WfXndi5jP0ZrPHus8wvJlgBy5M=
golang.org/x/sys v0.18.0 h1:DBdB3niSjOA/O0blCZBqDefyWNYveAYMNF1Wum0DYQ4=
golang.org/x/sys v0.18.0/go.mod h1:/VUhepiaJMQUp4+oa/7Zr1D23ma6VTLIYjOOTFZPUcA=
